
Microsoft Visual Studio Solution File, Format Version 12.00
# Visual Studio Version 17
VisualStudioVersion = 17.9.34607.119
MinimumVisualStudioVersion = 10.0.40219.1
Project("{FAE04EC0-301F-11D3-BF4B-00C04F79EFBC}") = "Intro", "Intro\Intro.csproj", "{DB9DB4C6-35E6-4244-A5C3-C2F1E96927A9}"
EndProject
Global
	GlobalSection(SolutionConfigurationPlatforms) = preSolution
		Debug|Any CPU = Debug|Any CPU
		Release|Any CPU = Release|Any CPU
	EndGlobalSection
	GlobalSection(ProjectConfigurationPlatforms) = postSolution
		{DB9DB4C6-35E6-4244-A5C3-C2F1E96927A9}.Debug|Any CPU.ActiveCfg = Debug|Any CPU
		{DB9DB4C6-35E6-4244-A5C3-C2F1E96927A9}.Debug|Any CPU.Build.0 = Debug|Any CPU
		{DB9DB4C6-35E6-4244-A5C3-C2F1E96927A9}.Release|Any CPU.ActiveCfg = Release|Any CPU
		{DB9DB4C6-35E6-4244-A5C3-C2F1E96927A9}.Release|Any CPU.Build.0 = Release|Any CPU
	EndGlobalSection
	GlobalSection(SolutionProperties) = preSolution
		HideSolutionNode = FALSE
	EndGlobalSection
	GlobalSection(ExtensibilityGlobals) = postSolution
		SolutionGuid = {B5911A98-8A4E-45C5-8EFA-5A20C64CACA0}
	EndGlobalSection
EndGlobal
